hash: 8388e6f3cc385ed36243a190adf1701c21cf2518b278a622df8e29ecc1dac107
updated: 2018-04-13T00:08:42.375747898+05:30
imports:
- name: github.com/davecgh/go-spew
  version: 346938d642f2ec3594ed81d874461961cd0faa76
  subpackages:
  - spew
- name: github.com/docker/distribution
  version: 48294d928ced5dd9b378f7fd7c6f5da3ff3f2c89
  subpackages:
  - digest
  - reference
- name: github.com/emicklei/go-restful
  version: 68c9750c36bb8cb433f1b88c807b4b30df4acc40
  subpackages:
  - log
- name: github.com/emicklei/go-restful-swagger12
  version: dcef7f55730566d41eae5db10e7d6981829720f6
- name: github.com/ghodss/yaml
  version: 0ca9ea5df5451ffdf184b4428c902747c2c11cd7
- name: github.com/go-openapi/analysis
  version: 8ed83f2ea9f00f945516462951a288eaa68bf0d6
- name: github.com/go-openapi/jsonpointer
  version: 779f45308c19820f1a69e9a4cd965f496e0da10f
- name: github.com/go-openapi/jsonreference
  version: 36d33bfe519efae5632669801b180bf1a245da3b
- name: github.com/go-openapi/loads
  version: a80dea3052f00e5f032e860dd7355cd0cc67e24d
- name: github.com/go-openapi/spec
  version: 3faa0055dbbf2110abc1f3b4e3adbb22721e96e7
- name: github.com/go-openapi/swag
  version: f3f9494671f93fcff853e3c6e9e948b3eb71e590
- name: github.com/gogo/protobuf
  version: 100ba4e885062801d56799d78530b73b178a78f3
  subpackages:
  - proto
  - sortkeys
- name: github.com/golang/glog
  version: 23def4e6c14b4da8ac2ed8007337bc5eb5007998
- name: github.com/google/gofuzz
  version: 24818f796faf91cd76ec7bddd72458fbced7a6c1
- name: github.com/hashicorp/golang-lru
  version: 0a025b7e63adc15a622f29b0b2c4c3848243bbf6
  subpackages:
  - simplelru
- name: github.com/howeyc/gopass
  version: bf9dde6d0d2c004a008c27aaee91170c786f6db8
- name: github.com/imdario/mergo
  version: 3e95a51e0639b4cf372f2ccf74c86749d747fbdc
- name: github.com/juju/ratelimit
  version: 5b9ff866471762aa2ab2dced63c9fb6f53921342
- name: github.com/mailru/easyjson
  version: 2a92e673c9a6302dd05c3a691ae1f24aef46457d
  subpackages:
  - buffer
  - jlexer
  - jwriter
- name: github.com/PuerkitoBio/purell
  version: 0bcb03f4b4d0a9428594752bd2a3b9aa0a9d4bd4
- name: github.com/PuerkitoBio/urlesc
  version: de5bf2ad457846296e2031421a34e2568e304e35
- name: github.com/spf13/pflag
  version: e57e3eeb33f795204c1ca35f56c44f83227c6e66
- name: github.com/ugorji/go
  version: 8c0409fcbb70099c748d71f714529204975f6c3f
  subpackages:
  - codec
- name: golang.org/x/crypto
  version: faadfbdc035307d901e69eea569f5dda451a3ee3
  subpackages:
  - ssh/terminal
- name: golang.org/x/net
  version: 859d1a86bb617c0c20d154590c3c5d3fcb670b07
  subpackages:
  - context
  - html
  - html/atom
  - http2
  - http2/hpack
  - idna
  - internal/timeseries
  - lex/httplex
  - trace
  - websocket
- name: golang.org/x/sys
  version: 062cd7e4e68206d8bab9b18396626e855c992658
  subpackages:
  - unix
- name: golang.org/x/text
  version: acd49d43e9b95df46670431bf5c7ae59586daad8
  subpackages:
  - cases
  - internal/tag
  - language
  - runes
  - secure/bidirule
  - secure/precis
  - transform
  - unicode/bidi
  - unicode/norm
  - width
- name: gopkg.in/inf.v0
  version: 3887ee99ecf07df5b447e9b00d9c0b2adaa9f3e4
- name: gopkg.in/yaml.v2
  version: eb3733d160e74a9c7e442f435eb3bea458e1d19f
- name: k8s.io/apiextensions-apiserver
  version: be41f5093e2b05c7a0befe35b04b715eb325ab43
  subpackages:
  - pkg/apis/apiextensions
  - pkg/apis/apiextensions/v1beta1
  - pkg/client/clientset/clientset
  - pkg/client/clientset/clientset/scheme
  - pkg/client/clientset/clientset/typed/apiextensions/v1beta1
- name: k8s.io/apimachinery
  version: 1fd2e63a9a370677308a42f24fd40c86438afddf
  subpackages:
  - pkg/api/equality
  - pkg/api/errors
  - pkg/api/meta
  - pkg/api/resource
  - pkg/apimachinery
  - pkg/apimachinery/announced
  - pkg/apimachinery/registered
  - pkg/apis/meta/v1
  - pkg/apis/meta/v1/unstructured
  - pkg/apis/meta/v1alpha1
  - pkg/conversion
  - pkg/conversion/queryparams
  - pkg/conversion/unstructured
  - pkg/fields
  - pkg/labels
  - pkg/openapi
  - pkg/runtime
  - pkg/runtime/schema
  - pkg/runtime/serializer
  - pkg/runtime/serializer/json
  - pkg/runtime/serializer/protobuf
  - pkg/runtime/serializer/recognizer
  - pkg/runtime/serializer/streaming
  - pkg/runtime/serializer/versioning
  - pkg/selection
  - pkg/types
  - pkg/util/cache
  - pkg/util/clock
  - pkg/util/diff
  - pkg/util/errors
  - pkg/util/framer
  - pkg/util/intstr
  - pkg/util/json
  - pkg/util/net
  - pkg/util/rand
  - pkg/util/runtime
  - pkg/util/sets
  - pkg/util/validation
  - pkg/util/validation/field
  - pkg/util/wait
  - pkg/util/yaml
  - pkg/version
  - pkg/watch
  - third_party/forked/golang/reflect
- name: k8s.io/client-go
  version: d92e8497f71b7b4e0494e5bd204b48d34bd6f254
  subpackages:
  - discovery
  - kubernetes
  - kubernetes/scheme
  - kubernetes/typed/admissionregistration/v1alpha1
  - kubernetes/typed/apps/v1beta1
  - kubernetes/typed/authentication/v1
  - kubernetes/typed/authentication/v1beta1
  - kubernetes/typed/authorization/v1
  - kubernetes/typed/authorization/v1beta1
  - kubernetes/typed/autoscaling/v1
  - kubernetes/typed/autoscaling/v2alpha1
  - kubernetes/typed/batch/v1
  - kubernetes/typed/batch/v2alpha1
  - kubernetes/typed/certificates/v1beta1
  - kubernetes/typed/core/v1
  - kubernetes/typed/extensions/v1beta1
  - kubernetes/typed/networking/v1
  - kubernetes/typed/policy/v1beta1
  - kubernetes/typed/rbac/v1alpha1
  - kubernetes/typed/rbac/v1beta1
  - kubernetes/typed/settings/v1alpha1
  - kubernetes/typed/storage/v1
  - kubernetes/typed/storage/v1beta1
  - pkg/api
  - pkg/api/v1
  - pkg/api/v1/ref
  - pkg/apis/admissionregistration
  - pkg/apis/admissionregistration/v1alpha1
  - pkg/apis/apps
  - pkg/apis/apps/v1beta1
  - pkg/apis/authentication
  - pkg/apis/authentication/v1
  - pkg/apis/authentication/v1beta1
  - pkg/apis/authorization
  - pkg/apis/authorization/v1
  - pkg/apis/authorization/v1beta1
  - pkg/apis/autoscaling
  - pkg/apis/autoscaling/v1
  - pkg/apis/autoscaling/v2alpha1
  - pkg/apis/batch
  - pkg/apis/batch/v1
  - pkg/apis/batch/v2alpha1
  - pkg/apis/certificates
  - pkg/apis/certificates/v1beta1
  - pkg/apis/extensions
  - pkg/apis/extensions/v1beta1
  - pkg/apis/networking
  - pkg/apis/networking/v1
  - pkg/apis/policy
  - pkg/apis/policy/v1beta1
  - pkg/apis/rbac
  - pkg/apis/rbac/v1alpha1
  - pkg/apis/rbac/v1beta1
  - pkg/apis/settings
  - pkg/apis/settings/v1alpha1
  - pkg/apis/storage
  - pkg/apis/storage/v1
  - pkg/apis/storage/v1beta1
  - pkg/util
  - pkg/util/parsers
  - pkg/version
  - rest
  - rest/watch
  - tools/auth
  - tools/cache
  - tools/clientcmd
  - tools/clientcmd/api
  - tools/clientcmd/api/latest
  - tools/clientcmd/api/v1
  - tools/metrics
  - transport
  - util/cert
  - util/flowcontrol
  - util/homedir
  - util/integer
  - util/workqueue
testImports: []
